// !$*UTF8*$!
{
	archiveVersion = 1;
	classes = {
	};
	objectVersion = 56;
	objects = {

/* Begin PBXBuildFile section */
		121927012BEE0FC6005E3BA9 /* MoviesDaoProtocol.swift in Sources */ = {isa = PBXBuildFile; fileRef = 121927002BEE0FC6005E3BA9 /* MoviesDaoProtocol.swift */; };
		121927032BEE0FED005E3BA9 /* MoviesDao.swift in Sources */ = {isa = PBXBuildFile; fileRef = 121927022BEE0FED005E3BA9 /* MoviesDao.swift */; };
		12B8BB332BEF3BC7002A78A6 /* ApiService.swift in Sources */ = {isa = PBXBuildFile; fileRef = 12B8BB322BEF3BC7002A78A6 /* ApiService.swift */; };
		12B8BB352BEF3BD9002A78A6 /* ApiServiceProtocol.swift in Sources */ = {isa = PBXBuildFile; fileRef = 12B8BB342BEF3BD9002A78A6 /* ApiServiceProtocol.swift */; };
		12B8BB382BEF3C10002A78A6 /* DependencyContainer.swift in Sources */ = {isa = PBXBuildFile; fileRef = 12B8BB372BEF3C10002A78A6 /* DependencyContainer.swift */; };
		12B8BB3A2BEF3C2F002A78A6 /* ViewModelProviderProtocol.swift in Sources */ = {isa = PBXBuildFile; fileRef = 12B8BB392BEF3C2F002A78A6 /* ViewModelProviderProtocol.swift */; };
		12B8BB3D2BEF42B0002A78A6 /* Log.swift in Sources */ = {isa = PBXBuildFile; fileRef = 12B8BB3C2BEF42B0002A78A6 /* Log.swift */; };
		12B8BB3F2BEF467D002A78A6 /* Constants.swift in Sources */ = {isa = PBXBuildFile; fileRef = 12B8BB3E2BEF467D002A78A6 /* Constants.swift */; };
		12B8BB422BEFF63E002A78A6 /* MoviesResponse.swift in Sources */ = {isa = PBXBuildFile; fileRef = 12B8BB412BEFF63E002A78A6 /* MoviesResponse.swift */; };
		12B8BB442BEFF64D002A78A6 /* MovieResult.swift in Sources */ = {isa = PBXBuildFile; fileRef = 12B8BB432BEFF64D002A78A6 /* MovieResult.swift */; };
		12B8BB472BEFF758002A78A6 /* MovieEntity.swift in Sources */ = {isa = PBXBuildFile; fileRef = 12B8BB462BEFF758002A78A6 /* MovieEntity.swift */; };
		12B8BB4B2BEFFAE8002A78A6 /* Mapper.swift in Sources */ = {isa = PBXBuildFile; fileRef = 12B8BB4A2BEFFAE8002A78A6 /* Mapper.swift */; };
		12FCA0002BF0A51700B49792 /* SortingType.swift in Sources */ = {isa = PBXBuildFile; fileRef = 12FC9FFF2BF0A51700B49792 /* SortingType.swift */; };
		12FCA0032BF12F0F00B49792 /* ImageRetriever.swift in Sources */ = {isa = PBXBuildFile; fileRef = 12FCA0022BF12F0F00B49792 /* ImageRetriever.swift */; };
		12FCA0052BF12F5700B49792 /* ImageCache.swift in Sources */ = {isa = PBXBuildFile; fileRef = 12FCA0042BF12F5700B49792 /* ImageCache.swift */; };
		12FCA0072BF12F7900B49792 /* CachedImageManager.swift in Sources */ = {isa = PBXBuildFile; fileRef = 12FCA0062BF12F7900B49792 /* CachedImageManager.swift */; };
		12FCA0092BF12FC700B49792 /* CachedImage.swift in Sources */ = {isa = PBXBuildFile; fileRef = 12FCA0082BF12FC700B49792 /* CachedImage.swift */; };
		12FCA00B2BF2290500B49792 /* MovieCard.swift in Sources */ = {isa = PBXBuildFile; fileRef = 12FCA00A2BF2290500B49792 /* MovieCard.swift */; };
		12FDA07E2BEB4B86009FE2E9 /* AwesomeMoviesApp.swift in Sources */ = {isa = PBXBuildFile; fileRef = 12FDA07D2BEB4B86009FE2E9 /* AwesomeMoviesApp.swift */; };
		12FDA0802BEB4B86009FE2E9 /* HomeScreenView.swift in Sources */ = {isa = PBXBuildFile; fileRef = 12FDA07F2BEB4B86009FE2E9 /* HomeScreenView.swift */; };
		12FDA0822BEB4B87009FE2E9 /* Assets.xcassets in Resources */ = {isa = PBXBuildFile; fileRef = 12FDA0812BEB4B87009FE2E9 /* Assets.xcassets */; };
		12FDA0852BEB4B87009FE2E9 /* Preview Assets.xcassets in Resources */ = {isa = PBXBuildFile; fileRef = 12FDA0842BEB4B87009FE2E9 /* Preview Assets.xcassets */; };
		12FDA08D2BEB4DC4009FE2E9 /* HomeViewModel.swift in Sources */ = {isa = PBXBuildFile; fileRef = 12FDA08C2BEB4DC4009FE2E9 /* HomeViewModel.swift */; };
		12FDA08F2BEB579A009FE2E9 /* MainScreen.swift in Sources */ = {isa = PBXBuildFile; fileRef = 12FDA08E2BEB579A009FE2E9 /* MainScreen.swift */; };
		12FDA0922BEB592F009FE2E9 /* TrendingMoviesRepository.swift in Sources */ = {isa = PBXBuildFile; fileRef = 12FDA0912BEB592F009FE2E9 /* TrendingMoviesRepository.swift */; };
		12FDA0942BEB5A46009FE2E9 /* TrendingMoviesRepositoryProtocol.swift in Sources */ = {isa = PBXBuildFile; fileRef = 12FDA0932BEB5A46009FE2E9 /* TrendingMoviesRepositoryProtocol.swift */; };
/* End PBXBuildFile section */

/* Begin PBXFileReference section */
		121927002BEE0FC6005E3BA9 /* MoviesDaoProtocol.swift */ = {isa = PBXFileReference; lastKnownFileType = sourcecode.swift; path = MoviesDaoProtocol.swift; sourceTree = "<group>"; };
		121927022BEE0FED005E3BA9 /* MoviesDao.swift */ = {isa = PBXFileReference; lastKnownFileType = sourcecode.swift; path = MoviesDao.swift; sourceTree = "<group>"; };
		12B8BB322BEF3BC7002A78A6 /* ApiService.swift */ = {isa = PBXFileReference; lastKnownFileType = sourcecode.swift; path = ApiService.swift; sourceTree = "<group>"; };
		12B8BB342BEF3BD9002A78A6 /* ApiServiceProtocol.swift */ = {isa = PBXFileReference; lastKnownFileType = sourcecode.swift; path = ApiServiceProtocol.swift; sourceTree = "<group>"; };
		12B8BB372BEF3C10002A78A6 /* DependencyContainer.swift */ = {isa = PBXFileReference; lastKnownFileType = sourcecode.swift; path = DependencyContainer.swift; sourceTree = "<group>"; };
		12B8BB392BEF3C2F002A78A6 /* ViewModelProviderProtocol.swift */ = {isa = PBXFileReference; lastKnownFileType = sourcecode.swift; path = ViewModelProviderProtocol.swift; sourceTree = "<group>"; };
		12B8BB3C2BEF42B0002A78A6 /* Log.swift */ = {isa = PBXFileReference; lastKnownFileType = sourcecode.swift; path = Log.swift; sourceTree = "<group>"; };
		12B8BB3E2BEF467D002A78A6 /* Constants.swift */ = {isa = PBXFileReference; lastKnownFileType = sourcecode.swift; path = Constants.swift; sourceTree = "<group>"; };
		12B8BB412BEFF63E002A78A6 /* MoviesResponse.swift */ = {isa = PBXFileReference; lastKnownFileType = sourcecode.swift; path = MoviesResponse.swift; sourceTree = "<group>"; };
		12B8BB432BEFF64D002A78A6 /* MovieResult.swift */ = {isa = PBXFileReference; lastKnownFileType = sourcecode.swift; path = MovieResult.swift; sourceTree = "<group>"; };
		12B8BB462BEFF758002A78A6 /* MovieEntity.swift */ = {isa = PBXFileReference; lastKnownFileType = sourcecode.swift; path = MovieEntity.swift; sourceTree = "<group>"; };
		12B8BB4A2BEFFAE8002A78A6 /* Mapper.swift */ = {isa = PBXFileReference; lastKnownFileType = sourcecode.swift; path = Mapper.swift; sourceTree = "<group>"; };
		12FC9FFF2BF0A51700B49792 /* SortingType.swift */ = {isa = PBXFileReference; lastKnownFileType = sourcecode.swift; path = SortingType.swift; sourceTree = "<group>"; };
		12FCA0022BF12F0F00B49792 /* ImageRetriever.swift */ = {isa = PBXFileReference; lastKnownFileType = sourcecode.swift; path = ImageRetriever.swift; sourceTree = "<group>"; };
		12FCA0042BF12F5700B49792 /* ImageCache.swift */ = {isa = PBXFileReference; lastKnownFileType = sourcecode.swift; path = ImageCache.swift; sourceTree = "<group>"; };
		12FCA0062BF12F7900B49792 /* CachedImageManager.swift */ = {isa = PBXFileReference; lastKnownFileType = sourcecode.swift; path = CachedImageManager.swift; sourceTree = "<group>"; };
		12FCA0082BF12FC700B49792 /* CachedImage.swift */ = {isa = PBXFileReference; lastKnownFileType = sourcecode.swift; path = CachedImage.swift; sourceTree = "<group>"; };
		12FCA00A2BF2290500B49792 /* MovieCard.swift */ = {isa = PBXFileReference; lastKnownFileType = sourcecode.swift; path = MovieCard.swift; sourceTree = "<group>"; };
		12FDA07A2BEB4B86009FE2E9 /* Awesome Movies.app */ = {isa = PBXFileReference; explicitFileType = wrapper.application; includeInIndex = 0; path = "Awesome Movies.app"; sourceTree = BUILT_PRODUCTS_DIR; };
		12FDA07D2BEB4B86009FE2E9 /* AwesomeMoviesApp.swift */ = {isa = PBXFileReference; lastKnownFileType = sourcecode.swift; path = AwesomeMoviesApp.swift; sourceTree = "<group>"; };
		12FDA07F2BEB4B86009FE2E9 /* HomeScreenView.swift */ = {isa = PBXFileReference; lastKnownFileType = sourcecode.swift; path = HomeScreenView.swift; sourceTree = "<group>"; };
		12FDA0812BEB4B87009FE2E9 /* Assets.xcassets */ = {isa = PBXFileReference; lastKnownFileType = folder.assetcatalog; path = Assets.xcassets; sourceTree = "<group>"; };
		12FDA0842BEB4B87009FE2E9 /* Preview Assets.xcassets */ = {isa = PBXFileReference; lastKnownFileType = folder.assetcatalog; path = "Preview Assets.xcassets"; sourceTree = "<group>"; };
		12FDA08C2BEB4DC4009FE2E9 /* HomeViewModel.swift */ = {isa = PBXFileReference; lastKnownFileType = sourcecode.swift; path = HomeViewModel.swift; sourceTree = "<group>"; };
		12FDA08E2BEB579A009FE2E9 /* MainScreen.swift */ = {isa = PBXFileReference; lastKnownFileType = sourcecode.swift; path = MainScreen.swift; sourceTree = "<group>"; };
		12FDA0912BEB592F009FE2E9 /* TrendingMoviesRepository.swift */ = {isa = PBXFileReference; lastKnownFileType = sourcecode.swift; path = TrendingMoviesRepository.swift; sourceTree = "<group>"; };
		12FDA0932BEB5A46009FE2E9 /* TrendingMoviesRepositoryProtocol.swift */ = {isa = PBXFileReference; lastKnownFileType = sourcecode.swift; path = TrendingMoviesRepositoryProtocol.swift; sourceTree = "<group>"; };
/* End PBXFileReference section */

/* Begin PBXFrameworksBuildPhase section */
		12FDA0772BEB4B86009FE2E9 /* Frameworks */ = {
			isa = PBXFrameworksBuildPhase;
			buildActionMask = 2147483647;
			files = (
			);
			runOnlyForDeploymentPostprocessing = 0;
		};
/* End PBXFrameworksBuildPhase section */

/* Begin PBXGroup section */
		121926F92BEE0F34005E3BA9 /* Services */ = {
			isa = PBXGroup;
			children = (
				12B8BB312BEF3BB0002A78A6 /* Api */,
				121926FB2BEE0F4C005E3BA9 /* Dao */,
			);
			path = Services;
			sourceTree = "<group>";
		};
		121926FB2BEE0F4C005E3BA9 /* Dao */ = {
			isa = PBXGroup;
			children = (
				121927002BEE0FC6005E3BA9 /* MoviesDaoProtocol.swift */,
				121927022BEE0FED005E3BA9 /* MoviesDao.swift */,
			);
			path = Dao;
			sourceTree = "<group>";
		};
		12B8BB312BEF3BB0002A78A6 /* Api */ = {
			isa = PBXGroup;
			children = (
				12B8BB402BEFF61E002A78A6 /* Model */,
				12B8BB322BEF3BC7002A78A6 /* ApiService.swift */,
				12B8BB342BEF3BD9002A78A6 /* ApiServiceProtocol.swift */,
				12B8BB3E2BEF467D002A78A6 /* Constants.swift */,
			);
			path = Api;
			sourceTree = "<group>";
		};
		12B8BB362BEF3BFD002A78A6 /* DI */ = {
			isa = PBXGroup;
			children = (
				12B8BB372BEF3C10002A78A6 /* DependencyContainer.swift */,
				12B8BB392BEF3C2F002A78A6 /* ViewModelProviderProtocol.swift */,
			);
			path = DI;
			sourceTree = "<group>";
		};
		12B8BB3B2BEF429C002A78A6 /* Utilities */ = {
			isa = PBXGroup;
			children = (
				12FCA0012BF12E8E00B49792 /* ImageCaching */,
				12B8BB3C2BEF42B0002A78A6 /* Log.swift */,
			);
			path = Utilities;
			sourceTree = "<group>";
		};
		12B8BB402BEFF61E002A78A6 /* Model */ = {
			isa = PBXGroup;
			children = (
				12B8BB412BEFF63E002A78A6 /* MoviesResponse.swift */,
				12B8BB432BEFF64D002A78A6 /* MovieResult.swift */,
			);
			name = Model;
			sourceTree = "<group>";
		};
		12B8BB452BEFF72F002A78A6 /* Entity */ = {
			isa = PBXGroup;
			children = (
				12B8BB462BEFF758002A78A6 /* MovieEntity.swift */,
			);
			name = Entity;
			sourceTree = "<group>";
		};
		12B8BB492BEFFABF002A78A6 /* Mapper */ = {
			isa = PBXGroup;
			children = (
				12B8BB4A2BEFFAE8002A78A6 /* Mapper.swift */,
				12FC9FFF2BF0A51700B49792 /* SortingType.swift */,
			);
			path = Mapper;
			sourceTree = "<group>";
		};
		12FCA0012BF12E8E00B49792 /* ImageCaching */ = {
			isa = PBXGroup;
			children = (
				12FCA0022BF12F0F00B49792 /* ImageRetriever.swift */,
				12FCA0042BF12F5700B49792 /* ImageCache.swift */,
				12FCA0062BF12F7900B49792 /* CachedImageManager.swift */,
				12FCA0082BF12FC700B49792 /* CachedImage.swift */,
			);
			name = ImageCaching;
			sourceTree = "<group>";
		};
		12FDA0712BEB4B86009FE2E9 = {
			isa = PBXGroup;
			children = (
				12FDA07C2BEB4B86009FE2E9 /* Awesome Movies */,
				12FDA07B2BEB4B86009FE2E9 /* Products */,
			);
			sourceTree = "<group>";
		};
		12FDA07B2BEB4B86009FE2E9 /* Products */ = {
			isa = PBXGroup;
			children = (
				12FDA07A2BEB4B86009FE2E9 /* Awesome Movies.app */,
			);
			name = Products;
			sourceTree = "<group>";
		};
		12FDA07C2BEB4B86009FE2E9 /* Awesome Movies */ = {
			isa = PBXGroup;
			children = (
				12B8BB3B2BEF429C002A78A6 /* Utilities */,
				12B8BB362BEF3BFD002A78A6 /* DI */,
				121926F92BEE0F34005E3BA9 /* Services */,
				12FDA0902BEB5868009FE2E9 /* Repository */,
				12FDA08B2BEB4D82009FE2E9 /* UI */,
				12FDA07D2BEB4B86009FE2E9 /* AwesomeMoviesApp.swift */,
				12FDA0812BEB4B87009FE2E9 /* Assets.xcassets */,
				12FDA0832BEB4B87009FE2E9 /* Preview Content */,
			);
			path = "Awesome Movies";
			sourceTree = "<group>";
		};
		12FDA0832BEB4B87009FE2E9 /* Preview Content */ = {
			isa = PBXGroup;
			children = (
				12FDA0842BEB4B87009FE2E9 /* Preview Assets.xcassets */,
			);
			path = "Preview Content";
			sourceTree = "<group>";
		};
		12FDA08B2BEB4D82009FE2E9 /* UI */ = {
			isa = PBXGroup;
			children = (
				12FDA07F2BEB4B86009FE2E9 /* HomeScreenView.swift */,
				12FDA08C2BEB4DC4009FE2E9 /* HomeViewModel.swift */,
				12FDA08E2BEB579A009FE2E9 /* MainScreen.swift */,
				12FCA00A2BF2290500B49792 /* MovieCard.swift */,
			);
			path = UI;
			sourceTree = "<group>";
		};
		12FDA0902BEB5868009FE2E9 /* Repository */ = {
			isa = PBXGroup;
			children = (
				12B8BB492BEFFABF002A78A6 /* Mapper */,
				12B8BB452BEFF72F002A78A6 /* Entity */,
				12FDA0912BEB592F009FE2E9 /* TrendingMoviesRepository.swift */,
				12FDA0932BEB5A46009FE2E9 /* TrendingMoviesRepositoryProtocol.swift */,
			);
			path = Repository;
			sourceTree = "<group>";
		};
/* End PBXGroup section */

/* Begin PBXNativeTarget section */
		12FDA0792BEB4B86009FE2E9 /* Awesome Movies */ = {
			isa = PBXNativeTarget;
			buildConfigurationList = 12FDA0882BEB4B87009FE2E9 /* Build configuration list for PBXNativeTarget "Awesome Movies" */;
			buildPhases = (
				12FDA0762BEB4B86009FE2E9 /* Sources */,
				12FDA0772BEB4B86009FE2E9 /* Frameworks */,
				12FDA0782BEB4B86009FE2E9 /* Resources */,
			);
			buildRules = (
			);
			dependencies = (
			);
			name = "Awesome Movies";
			productName = "Awesome Movies";
			productReference = 12FDA07A2BEB4B86009FE2E9 /* Awesome Movies.app */;
			productType = "com.apple.product-type.application";
		};
/* End PBXNativeTarget section */

/* Begin PBXProject section */
		12FDA0722BEB4B86009FE2E9 /* Project object */ = {
			isa = PBXProject;
			attributes = {
				BuildIndependentTargetsInParallel = 1;
				LastSwiftUpdateCheck = 1530;
				LastUpgradeCheck = 1530;
				TargetAttributes = {
					12FDA0792BEB4B86009FE2E9 = {
						CreatedOnToolsVersion = 15.3;
					};
				};
			};
			buildConfigurationList = 12FDA0752BEB4B86009FE2E9 /* Build configuration list for PBXProject "Awesome Movies" */;
			compatibilityVersion = "Xcode 14.0";
			developmentRegion = en;
			hasScannedForEncodings = 0;
			knownRegions = (
				en,
				Base,
			);
			mainGroup = 12FDA0712BEB4B86009FE2E9;
			productRefGroup = 12FDA07B2BEB4B86009FE2E9 /* Products */;
			projectDirPath = "";
			projectRoot = "";
			targets = (
				12FDA0792BEB4B86009FE2E9 /* Awesome Movies */,
			);
		};
/* End PBXProject section */

/* Begin PBXResourcesBuildPhase section */
		12FDA0782BEB4B86009FE2E9 /* Resources */ = {
			isa = PBXResourcesBuildPhase;
			buildActionMask = 2147483647;
			files = (
				12FDA0852BEB4B87009FE2E9 /* Preview Assets.xcassets in Resources */,
				12FDA0822BEB4B87009FE2E9 /* Assets.xcassets in Resources */,
			);
			runOnlyForDeploymentPostprocessing = 0;
		};
/* End PBXResourcesBuildPhase section */

/* Begin PBXSourcesBuildPhase section */
		12FDA0762BEB4B86009FE2E9 /* Sources */ = {
			isa = PBXSourcesBuildPhase;
			buildActionMask = 2147483647;
			files = (
				12FDA08F2BEB579A009FE2E9 /* MainScreen.swift in Sources */,
				12FDA0942BEB5A46009FE2E9 /* TrendingMoviesRepositoryProtocol.swift in Sources */,
				12B8BB422BEFF63E002A78A6 /* MoviesResponse.swift in Sources */,
				12B8BB3D2BEF42B0002A78A6 /* Log.swift in Sources */,
				12B8BB4B2BEFFAE8002A78A6 /* Mapper.swift in Sources */,
				12B8BB352BEF3BD9002A78A6 /* ApiServiceProtocol.swift in Sources */,
				12B8BB3A2BEF3C2F002A78A6 /* ViewModelProviderProtocol.swift in Sources */,
				121927032BEE0FED005E3BA9 /* MoviesDao.swift in Sources */,
				12FDA0802BEB4B86009FE2E9 /* HomeScreenView.swift in Sources */,
				12FCA0002BF0A51700B49792 /* SortingType.swift in Sources */,
				12B8BB472BEFF758002A78A6 /* MovieEntity.swift in Sources */,
				12B8BB382BEF3C10002A78A6 /* DependencyContainer.swift in Sources */,
				12FCA0052BF12F5700B49792 /* ImageCache.swift in Sources */,
				12FCA0072BF12F7900B49792 /* CachedImageManager.swift in Sources */,
				121927012BEE0FC6005E3BA9 /* MoviesDaoProtocol.swift in Sources */,
				12B8BB332BEF3BC7002A78A6 /* ApiService.swift in Sources */,
				12FCA0092BF12FC700B49792 /* CachedImage.swift in Sources */,
				12FCA0032BF12F0F00B49792 /* ImageRetriever.swift in Sources */,
				12B8BB442BEFF64D002A78A6 /* MovieResult.swift in Sources */,
				12FDA08D2BEB4DC4009FE2E9 /* HomeViewModel.swift in Sources */,
				12FCA00B2BF2290500B49792 /* MovieCard.swift in Sources */,
				12B8BB3F2BEF467D002A78A6 /* Constants.swift in Sources */,
				12FDA0922BEB592F009FE2E9 /* TrendingMoviesRepository.swift in Sources */,
				12FDA07E2BEB4B86009FE2E9 /* AwesomeMoviesApp.swift in Sources */,
			);
			runOnlyForDeploymentPostprocessing = 0;
		};
/* End PBXSourcesBuildPhase section */

/* Begin XCBuildConfiguration section */
		12FDA0862BEB4B87009FE2E9 /* Debug */ = {
			isa = XCBuildConfiguration;
			buildSettings = {
				ALWAYS_SEARCH_USER_PATHS = NO;
				ASSETCATALOG_COMPILER_GENERATE_SWIFT_ASSET_SYMBOL_EXTENSIONS = YES;
				CLANG_ANALYZER_NONNULL = YES;
				CLANG_ANALYZER_NUMBER_OBJECT_CONVERSION = YES_AGGRESSIVE;
				CLANG_CXX_LANGUAGE_STANDARD = "gnu++20";
				CLANG_ENABLE_MODULES = YES;
				CLANG_ENABLE_OBJC_ARC = YES;
				CLANG_ENABLE_OBJC_WEAK = YES;
				CLANG_WARN_BLOCK_CAPTURE_AUTORELEASING = YES;
				CLANG_WARN_BOOL_CONVERSION = YES;
				CLANG_WARN_COMMA = YES;
				CLANG_WARN_CONSTANT_CONVERSION = YES;
				CLANG_WARN_DEPRECATED_OBJC_IMPLEMENTATIONS = YES;
				CLANG_WARN_DIRECT_OBJC_ISA_USAGE = YES_ERROR;
				CLANG_WARN_DOCUMENTATION_COMMENTS = YES;
				CLANG_WARN_EMPTY_BODY = YES;
				CLANG_WARN_ENUM_CONVERSION = YES;
				CLANG_WARN_INFINITE_RECURSION = YES;
				CLANG_WARN_INT_CONVERSION = YES;
				CLANG_WARN_NON_LITERAL_NULL_CONVERSION = YES;
				CLANG_WARN_OBJC_IMPLICIT_RETAIN_SELF = YES;
				CLANG_WARN_OBJC_LITERAL_CONVERSION = YES;
				CLANG_WARN_OBJC_ROOT_CLASS = YES_ERROR;
				CLANG_WARN_QUOTED_INCLUDE_IN_FRAMEWORK_HEADER = YES;
				CLANG_WARN_RANGE_LOOP_ANALYSIS = YES;
				CLANG_WARN_STRICT_PROTOTYPES = YES;
				CLANG_WARN_SUSPICIOUS_MOVE = YES;
				CLANG_WARN_UNGUARDED_AVAILABILITY = YES_AGGRESSIVE;
				CLANG_WARN_UNREACHABLE_CODE = YES;
				CLANG_WARN__DUPLICATE_METHOD_MATCH = YES;
				COPY_PHASE_STRIP = NO;
				DEBUG_INFORMATION_FORMAT = dwarf;
				ENABLE_STRICT_OBJC_MSGSEND = YES;
				ENABLE_TESTABILITY = YES;
				ENABLE_USER_SCRIPT_SANDBOXING = YES;
				GCC_C_LANGUAGE_STANDARD = gnu17;
				GCC_DYNAMIC_NO_PIC = NO;
				GCC_NO_COMMON_BLOCKS = YES;
				GCC_OPTIMIZATION_LEVEL = 0;
				GCC_PREPROCESSOR_DEFINITIONS = (
					"DEBUG=1",
					"$(inherited)",
				);
				GCC_WARN_64_TO_32_BIT_CONVERSION = YES;
				GCC_WARN_ABOUT_RETURN_TYPE = YES_ERROR;
				GCC_WARN_UNDECLARED_SELECTOR = YES;
				GCC_WARN_UNINITIALIZED_AUTOS = YES_AGGRESSIVE;
				GCC_WARN_UNUSED_FUNCTION = YES;
				GCC_WARN_UNUSED_VARIABLE = YES;
				IPHONEOS_DEPLOYMENT_TARGET = 17.4;
				LOCALIZATION_PREFERS_STRING_CATALOGS = YES;
				MTL_ENABLE_DEBUG_INFO = INCLUDE_SOURCE;
				MTL_FAST_MATH = YES;
				ONLY_ACTIVE_ARCH = YES;
				SDKROOT = iphoneos;
				SWIFT_ACTIVE_COMPILATION_CONDITIONS = "DEBUG $(inherited)";
				SWIFT_OPTIMIZATION_LEVEL = "-Onone";
			};
			name = Debug;
		};
		12FDA0872BEB4B87009FE2E9 /* Release */ = {
			isa = XCBuildConfiguration;
			buildSettings = {
				ALWAYS_SEARCH_USER_PATHS = NO;
				ASSETCATALOG_COMPILER_GENERATE_SWIFT_ASSET_SYMBOL_EXTENSIONS = YES;
				CLANG_ANALYZER_NONNULL = YES;
				CLANG_ANALYZER_NUMBER_OBJECT_CONVERSION = YES_AGGRESSIVE;
				CLANG_CXX_LANGUAGE_STANDARD = "gnu++20";
				CLANG_ENABLE_MODULES = YES;
				CLANG_ENABLE_OBJC_ARC = YES;
				CLANG_ENABLE_OBJC_WEAK = YES;
				CLANG_WARN_BLOCK_CAPTURE_AUTORELEASING = YES;
				CLANG_WARN_BOOL_CONVERSION = YES;
				CLANG_WARN_COMMA = YES;
				CLANG_WARN_CONSTANT_CONVERSION = YES;
				CLANG_WARN_DEPRECATED_OBJC_IMPLEMENTATIONS = YES;
				CLANG_WARN_DIRECT_OBJC_ISA_USAGE = YES_ERROR;
				CLANG_WARN_DOCUMENTATION_COMMENTS = YES;
				CLANG_WARN_EMPTY_BODY = YES;
				CLANG_WARN_ENUM_CONVERSION = YES;
				CLANG_WARN_INFINITE_RECURSION = YES;
				CLANG_WARN_INT_CONVERSION = YES;
				CLANG_WARN_NON_LITERAL_NULL_CONVERSION = YES;
				CLANG_WARN_OBJC_IMPLICIT_RETAIN_SELF = YES;
				CLANG_WARN_OBJC_LITERAL_CONVERSION = YES;
				CLANG_WARN_OBJC_ROOT_CLASS = YES_ERROR;
				CLANG_WARN_QUOTED_INCLUDE_IN_FRAMEWORK_HEADER = YES;
				CLANG_WARN_RANGE_LOOP_ANALYSIS = YES;
				CLANG_WARN_STRICT_PROTOTYPES = YES;
				CLANG_WARN_SUSPICIOUS_MOVE = YES;
				CLANG_WARN_UNGUARDED_AVAILABILITY = YES_AGGRESSIVE;
				CLANG_WARN_UNREACHABLE_CODE = YES;
				CLANG_WARN__DUPLICATE_METHOD_MATCH = YES;
				COPY_PHASE_STRIP = NO;
				DEBUG_INFORMATION_FORMAT = "dwarf-with-dsym";
				ENABLE_NS_ASSERTIONS = NO;
				ENABLE_STRICT_OBJC_MSGSEND = YES;
				ENABLE_USER_SCRIPT_SANDBOXING = YES;
				GCC_C_LANGUAGE_STANDARD = gnu17;
				GCC_NO_COMMON_BLOCKS = YES;
				GCC_WARN_64_TO_32_BIT_CONVERSION = YES;
				GCC_WARN_ABOUT_RETURN_TYPE = YES_ERROR;
				GCC_WARN_UNDECLARED_SELECTOR = YES;
				GCC_WARN_UNINITIALIZED_AUTOS = YES_AGGRESSIVE;
				GCC_WARN_UNUSED_FUNCTION = YES;
				GCC_WARN_UNUSED_VARIABLE = YES;
				IPHONEOS_DEPLOYMENT_TARGET = 17.4;
				LOCALIZATION_PREFERS_STRING_CATALOGS = YES;
				MTL_ENABLE_DEBUG_INFO = NO;
				MTL_FAST_MATH = YES;
				SDKROOT = iphoneos;
				SWIFT_COMPILATION_MODE = wholemodule;
				VALIDATE_PRODUCT = YES;
			};
			name = Release;
		};
		12FDA0892BEB4B87009FE2E9 /* Debug */ = {
			isa = XCBuildConfiguration;
			buildSettings = {
				ASSETCATALOG_COMPILER_APPICON_NAME = AppIcon;
				ASSETCATALOG_COMPILER_GLOBAL_ACCENT_COLOR_NAME = AccentColor;
				CODE_SIGN_STYLE = Automatic;
				CURRENT_PROJECT_VERSION = 1;
				DEVELOPMENT_ASSET_PATHS = "\"Awesome Movies/Preview Content\"";
				DEVELOPMENT_TEAM = CQ6JSHCP7Q;
				ENABLE_PREVIEWS = YES;
				GENERATE_INFOPLIST_FILE = YES;
				INFOPLIST_KEY_UIApplicationSceneManifest_Generation = YES;
				INFOPLIST_KEY_UIApplicationSupportsIndirectInputEvents = YES;
				INFOPLIST_KEY_UILaunchScreen_Generation = YES;
				INFOPLIST_KEY_UISupportedInterfaceOrientations_iPad = "UIInterfaceOrientationPortrait UIInterfaceOrientationPortraitUpsideDown UIInterfaceOrientationLandscapeLeft UIInterfaceOrientationLandscapeRight";
				INFOPLIST_KEY_UISupportedInterfaceOrientations_iPhone = "UIInterfaceOrientationPortrait UIInterfaceOrientationLandscapeLeft UIInterfaceOrientationLandscapeRight";
				LD_RUNPATH_SEARCH_PATHS = (
					"$(inherited)",
					"@executable_path/Frameworks",
				);
				MARKETING_VERSION = 1.0;
				PRODUCT_BUNDLE_IDENTIFIER = "com.lukas.awesomemovies.ios.Awesome-Movies";
				PRODUCT_NAME = "$(TARGET_NAME)";
				SWIFT_EMIT_LOC_STRINGS = YES;
				SWIFT_VERSION = 5.0;
				TARGETED_DEVICE_FAMILY = "1,2";
			};
			name = Debug;
		};
		12FDA08A2BEB4B87009FE2E9 /* Release */ = {
			isa = XCBuildConfiguration;
			buildSettings = {
				ASSETCATALOG_COMPILER_APPICON_NAME = AppIcon;
				ASSETCATALOG_COMPILER_GLOBAL_ACCENT_COLOR_NAME = AccentColor;
				CODE_SIGN_STYLE = Automatic;
				CURRENT_PROJECT_VERSION = 1;
				DEVELOPMENT_ASSET_PATHS = "\"Awesome Movies/Preview Content\"";
				DEVELOPMENT_TEAM = CQ6JSHCP7Q;
				ENABLE_PREVIEWS = YES;
				GENERATE_INFOPLIST_FILE = YES;
				INFOPLIST_KEY_UIApplicationSceneManifest_Generation = YES;
				INFOPLIST_KEY_UIApplicationSupportsIndirectInputEvents = YES;
				INFOPLIST_KEY_UILaunchScreen_Generation = YES;
				INFOPLIST_KEY_UISupportedInterfaceOrientations_iPad = "UIInterfaceOrientationPortrait UIInterfaceOrientationPortraitUpsideDown UIInterfaceOrientationLandscapeLeft UIInterfaceOrientationLandscapeRight";
				INFOPLIST_KEY_UISupportedInterfaceOrientations_iPhone = "UIInterfaceOrientationPortrait UIInterfaceOrientationLandscapeLeft UIInterfaceOrientationLandscapeRight";
				LD_RUNPATH_SEARCH_PATHS = (
					"$(inherited)",
					"@executable_path/Frameworks",
				);
				MARKETING_VERSION = 1.0;
				PRODUCT_BUNDLE_IDENTIFIER = "com.lukas.awesomemovies.ios.Awesome-Movies";
				PRODUCT_NAME = "$(TARGET_NAME)";
				SWIFT_EMIT_LOC_STRINGS = YES;
				SWIFT_VERSION = 5.0;
				TARGETED_DEVICE_FAMILY = "1,2";
			};
			name = Release;
		};
/* End XCBuildConfiguration section */

/* Begin XCConfigurationList section */
		12FDA0752BEB4B86009FE2E9 /* Build configuration list for PBXProject "Awesome Movies" */ = {
			isa = XCConfigurationList;
			buildConfigurations = (
				12FDA0862BEB4B87009FE2E9 /* Debug */,
				12FDA0872BEB4B87009FE2E9 /* Release */,
			);
			defaultConfigurationIsVisible = 0;
			defaultConfigurationName = Release;
		};
		12FDA0882BEB4B87009FE2E9 /* Build configuration list for PBXNativeTarget "Awesome Movies" */ = {
			isa = XCConfigurationList;
			buildConfigurations = (
				12FDA0892BEB4B87009FE2E9 /* Debug */,
				12FDA08A2BEB4B87009FE2E9 /* Release */,
			);
			defaultConfigurationIsVisible = 0;
			defaultConfigurationName = Release;
		};
/* End XCConfigurationList section */
	};
	rootObject = 12FDA0722BEB4B86009FE2E9 /* Project object */;
}
